
Microsoft Visual Studio Solution File, Format Version 12.00
# Visual Studio Version 17
VisualStudioVersion = 17.1.32407.343
MinimumVisualStudioVersion = 10.0.40219.1
Project("{FAE04EC0-301F-11D3-BF4B-00C04F79EFBC}") = "ApiConsumerDemo", "ApiConsumerDemo\ApiConsumerDemo.csproj", "{6761ED1C-F02F-4FFA-AD0F-AFE7F74E130B}"
EndProject
Global
	GlobalSection(SolutionConfigurationPlatforms) = preSolution
		Debug|Any CPU = Debug|Any CPU
		Release|Any CPU = Release|Any CPU
	EndGlobalSection
	GlobalSection(ProjectConfigurationPlatforms) = postSolution
		{6761ED1C-F02F-4FFA-AD0F-AFE7F74E130B}.Debug|Any CPU.ActiveCfg = Debug|Any CPU
		{6761ED1C-F02F-4FFA-AD0F-AFE7F74E130B}.Debug|Any CPU.Build.0 = Debug|Any CPU
		{6761ED1C-F02F-4FFA-AD0F-AFE7F74E130B}.Release|Any CPU.ActiveCfg = Release|Any CPU
		{6761ED1C-F02F-4FFA-AD0F-AFE7F74E130B}.Release|Any CPU.Build.0 = Release|Any CPU
	EndGlobalSection
	GlobalSection(SolutionProperties) = preSolution
		HideSolutionNode = FALSE
	EndGlobalSection
	GlobalSection(ExtensibilityGlobals) = postSolution
		SolutionGuid = {A010E966-B84A-4A4C-A632-C594DA83898D}
	EndGlobalSection
EndGlobal
